// !$*UTF8*$!
{
	archiveVersion = 1;
	classes = {
	};
	objectVersion = 46;
	objects = {

/* Begin PBXBuildFile section */
		C293CF6B1CB57D4300CE2FC2 /* AppDelegate.swift in Sources */ = {isa = PBXBuildFile; fileRef = C293CF6A1CB57D4300CE2FC2 /* AppDelegate.swift */; };
		C293CF6D1CB57D4300CE2FC2 /* ViewController.swift in Sources */ = {isa = PBXBuildFile; fileRef = C293CF6C1CB57D4300CE2FC2 /* ViewController.swift */; };
		C293CF701CB57D4300CE2FC2 /* Main.storyboard in Resources */ = {isa = PBXBuildFile; fileRef = C293CF6E1CB57D4300CE2FC2 /* Main.storyboard */; };
		C293CF721CB57D4300CE2FC2 /* Assets.xcassets in Resources */ = {isa = PBXBuildFile; fileRef = C293CF711CB57D4300CE2FC2 /* Assets.xcassets */; };
		C293CF751CB57D4300CE2FC2 /* LaunchScreen.storyboard in Resources */ = {isa = PBXBuildFile; fileRef = C293CF731CB57D4300CE2FC2 /* LaunchScreen.storyboard */; };
/* End PBXBuildFile section */

/* Begin PBXFileReference section */
		C293CF671CB57D4300CE2FC2 /* Calculator.app */ = {isa = PBXFileReference; explicitFileType = wrapper.application; includeInIndex = 0; path = Calculator.app; sourceTree = BUILT_PRODUCTS_DIR; };
		C293CF6A1CB57D4300CE2FC2 /* AppDelegate.swift */ = {isa = PBXFileReference; lastKnownFileType = sourcecode.swift; path = AppDelegate.swift; sourceTree = "<group>"; };
		C293CF6C1CB57D4300CE2FC2 /* ViewController.swift */ = {isa = PBXFileReference; lastKnownFileType = sourcecode.swift; path = ViewController.swift; sourceTree = "<group>"; };
		C293CF6F1CB57D4300CE2FC2 /* Base */ = {isa = PBXFileReference; lastKnownFileType = file.storyboard; name = Base; path = Base.lproj/Main.storyboard; sourceTree = "<group>"; };
		C293CF711CB57D4300CE2FC2 /* Assets.xcassets */ = {isa = PBXFileReference; lastKnownFileType = folder.assetcatalog; path = Assets.xcassets; sourceTree = "<group>"; };
		C293CF741CB57D4300CE2FC2 /* Base */ = {isa = PBXFileReference; lastKnownFileType = file.storyboard; name = Base; path = Base.lproj/LaunchScreen.storyboard; sourceTree = "<group>"; };
		C293CF761CB57D4300CE2FC2 /* Info.plist */ = {isa = PBXFileReference; lastKnownFileType = text.plist.xml; path = Info.plist; sourceTree = "<group>"; };
/* End PBXFileReference section */

/* Begin PBXFrameworksBuildPhase section */
		C293CF641CB57D4300CE2FC2 /* Frameworks */ = {
			isa = PBXFrameworksBuildPhase;
			buildActionMask = 2147483647;
			files = (
			);
			runOnlyForDeploymentPostprocessing = 0;
		};
/* End PBXFrameworksBuildPhase section */

/* Begin PBXGroup section */
		C293CF5E1CB57D4300CE2FC2 = {
			isa = PBXGroup;
			children = (
				C293CF691CB57D4300CE2FC2 /* Calculator */,
				C293CF681CB57D4300CE2FC2 /* Products */,
			);
			sourceTree = "<group>";
		};
		C293CF681CB57D4300CE2FC2 /* Products */ = {
			isa = PBXGroup;
			children = (
				C293CF671CB57D4300CE2FC2 /* Calculator.app */,
			);
			name = Products;
			sourceTree = "<group>";
		};
		C293CF691CB57D4300CE2FC2 /* Calculator */ = {
			isa = PBXGroup;
			children = (
				C293CF6A1CB57D4300CE2FC2 /* AppDelegate.swift */,
				C293CF6C1CB57D4300CE2FC2 /* ViewController.swift */,
				C293CF6E1CB57D4300CE2FC2 /* Main.storyboard */,
				C293CF711CB57D4300CE2FC2 /* Assets.xcassets */,
				C293CF731CB57D4300CE2FC2 /* LaunchScreen.storyboard */,
				C293CF761CB57D4300CE2FC2 /* Info.plist */,
			);
			path = Calculator;
			sourceTree = "<group>";
		};
/* End PBXGroup section */

/* Begin PBXNativeTarget section */
		C293CF661CB57D4300CE2FC2 /* Calculator */ = {
			isa = PBXNativeTarget;
			buildConfigurationList = C293CF791CB57D4300CE2FC2 /* Build configuration list for PBXNativeTarget "Calculator" */;
			buildPhases = (
				C293CF631CB57D4300CE2FC2 /* Sources */,
				C293CF641CB57D4300CE2FC2 /* Frameworks */,
				C293CF651CB57D4300CE2FC2 /* Resources */,
			);
			buildRules = (
			);
			dependencies = (
			);
			name = Calculator;
			productName = Calculator;
			productReference = C293CF671CB57D4300CE2FC2 /* Calculator.app */;
			productType = "com.apple.product-type.application";
		};
/* End PBXNativeTarget section */

/* Begin PBXProject section */
		C293CF5F1CB57D4300CE2FC2 /* Project object */ = {
			isa = PBXProject;
			attributes = {
				LastSwiftUpdateCheck = 0730;
				LastUpgradeCheck = 0730;
				ORGANIZATIONNAME = Joce;
				TargetAttributes = {
					C293CF661CB57D4300CE2FC2 = {
						CreatedOnToolsVersion = 7.3;
					};
				};
			};
			buildConfigurationList = C293CF621CB57D4300CE2FC2 /* Build configuration list for PBXProject "Calculator" */;
			compatibilityVersion = "Xcode 3.2";
			developmentRegion = English;
			hasScannedForEncodings = 0;
			knownRegions = (
				en,
				Base,
			);
			mainGroup = C293CF5E1CB57D4300CE2FC2;
			productRefGroup = C293CF681CB57D4300CE2FC2 /* Products */;
			projectDirPath = "";
			projectRoot = "";
			targets = (
				C293CF661CB57D4300CE2FC2 /* Calculator */,
			);
		};
/* End PBXProject section */

/* Begin PBXResourcesBuildPhase section */
		C293CF651CB57D4300CE2FC2 /* Resources */ = {
			isa = PBXResourcesBuildPhase;
			buildActionMask = 2147483647;
			files = (
				C293CF751CB57D4300CE2FC2 /* LaunchScreen.storyboard in Resources */,
				C293CF721CB57D4300CE2FC2 /* Assets.xcassets in Resources */,
				C293CF701CB57D4300CE2FC2 /* Main.storyboard in Resources */,
			);
			runOnlyForDeploymentPostprocessing = 0;
		};
/* End PBXResourcesBuildPhase section */

/* Begin PBXSourcesBuildPhase section */
		C293CF631CB57D4300CE2FC2 /* Sources */ = {
			isa = PBXSourcesBuildPhase;
			buildActionMask = 2147483647;
			files = (
				C293CF6D1CB57D4300CE2FC2 /* ViewController.swift in Sources */,
				C293CF6B1CB57D4300CE2FC2 /* AppDelegate.swift in Sources */,
			);
			runOnlyForDeploymentPostprocessing = 0;
		};
/* End PBXSourcesBuildPhase section */

/* Begin PBXVariantGroup section */
		C293CF6E1CB57D4300CE2FC2 /* Main.storyboard */ = {
			isa = PBXVariantGroup;
			children = (
				C293CF6F1CB57D4300CE2FC2 /* Base */,
			);
			name = Main.storyboard;
			sourceTree = "<group>";
		};
		C293CF731CB57D4300CE2FC2 /* LaunchScreen.storyboard */ = {
			isa = PBXVariantGroup;
			children = (
				C293CF741CB57D4300CE2FC2 /* Base */,
			);
			name = LaunchScreen.storyboard;
			sourceTree = "<group>";
		};
/* End PBXVariantGroup section */

/* Begin XCBuildConfiguration section */
		C293CF771CB57D4300CE2FC2 /* Debug */ = {
			isa = XCBuildConfiguration;
			buildSettings = {
				ALWAYS_SEARCH_USER_PATHS = NO;
				CLANG_ANALYZER_NONNULL = YES;
				CLANG_CXX_LANGUAGE_STANDARD = "gnu++0x";
				CLANG_CXX_LIBRARY = "libc++";
				CLANG_ENABLE_MODULES = YES;
				CLANG_ENABLE_OBJC_ARC = YES;
				CLANG_WARN_BOOL_CONVERSION = YES;
				CLANG_WARN_CONSTANT_CONVERSION = YES;
				CLANG_WARN_DIRECT_OBJC_ISA_USAGE = YES_ERROR;
				CLANG_WARN_EMPTY_BODY = YES;
				CLANG_WARN_ENUM_CONVERSION = YES;
				CLANG_WARN_INT_CONVERSION = YES;
				CLANG_WARN_OBJC_ROOT_CLASS = YES_ERROR;
				CLANG_WARN_UNREACHABLE_CODE = YES;
				CLANG_WARN__DUPLICATE_METHOD_MATCH = YES;
				"CODE_SIGN_IDENTITY[sdk=iphoneos*]" = "iPhone Developer";
				COPY_PHASE_STRIP = NO;
				DEBUG_INFORMATION_FORMAT = dwarf;
				ENABLE_STRICT_OBJC_MSGSEND = YES;
				ENABLE_TESTABILITY = YES;
				GCC_C_LANGUAGE_STANDARD = gnu99;
				GCC_DYNAMIC_NO_PIC = NO;
				GCC_NO_COMMON_BLOCKS = YES;
				GCC_OPTIMIZATION_LEVEL = 0;
				GCC_PREPROCESSOR_DEFINITIONS = (
					"DEBUG=1",
					"$(inherited)",
				);
				GCC_WARN_64_TO_32_BIT_CONVERSION = YES;
				GCC_WARN_ABOUT_RETURN_TYPE = YES_ERROR;
				GCC_WARN_UNDECLARED_SELECTOR = YES;
				GCC_WARN_UNINITIALIZED_AUTOS = YES_AGGRESSIVE;
				GCC_WARN_UNUSED_FUNCTION = YES;
				GCC_WARN_UNUSED_VARIABLE = YES;
				IPHONEOS_DEPLOYMENT_TARGET = 9.3;
				MTL_ENABLE_DEBUG_INFO = YES;
				ONLY_ACTIVE_ARCH = YES;
				SDKROOT = iphoneos;
				SWIFT_OPTIMIZATION_LEVEL = "-Onone";
				TARGETED_DEVICE_FAMILY = "1,2";
			};
			name = Debug;
		};
		C293CF781CB57D4300CE2FC2 /* Release */ = {
			isa = XCBuildConfiguration;
			buildSettings = {
				ALWAYS_SEARCH_USER_PATHS = NO;
				CLANG_ANALYZER_NONNULL = YES;
				CLANG_CXX_LANGUAGE_STANDARD = "gnu++0x";
				CLANG_CXX_LIBRARY = "libc++";
				CLANG_ENABLE_MODULES = YES;
				CLANG_ENABLE_OBJC_ARC = YES;
				CLANG_WARN_BOOL_CONVERSION = YES;
				CLANG_WARN_CONSTANT_CONVERSION = YES;
				CLANG_WARN_DIRECT_OBJC_ISA_USAGE = YES_ERROR;
				CLANG_WARN_EMPTY_BODY = YES;
				CLANG_WARN_ENUM_CONVERSION = YES;
				CLANG_WARN_INT_CONVERSION = YES;
				CLANG_WARN_OBJC_ROOT_CLASS = YES_ERROR;
				CLANG_WARN_UNREACHABLE_CODE = YES;
				CLANG_WARN__DUPLICATE_METHOD_MATCH = YES;
				"CODE_SIGN_IDENTITY[sdk=iphoneos*]" = "iPhone Developer";
				COPY_PHASE_STRIP = NO;
				DEBUG_INFORMATION_FORMAT = "dwarf-with-dsym";
				ENABLE_NS_ASSERTIONS = NO;
				ENABLE_STRICT_OBJC_MSGSEND = YES;
				GCC_C_LANGUAGE_STANDARD = gnu99;
				GCC_NO_COMMON_BLOCKS = YES;
				GCC_WARN_64_TO_32_BIT_CONVERSION = YES;
				GCC_WARN_ABOUT_RETURN_TYPE = YES_ERROR;
				GCC_WARN_UNDECLARED_SELECTOR = YES;
				GCC_WARN_UNINITIALIZED_AUTOS = YES_AGGRESSIVE;
				GCC_WARN_UNUSED_FUNCTION = YES;
				GCC_WARN_UNUSED_VARIABLE = YES;
				IPHONEOS_DEPLOYMENT_TARGET = 9.3;
				MTL_ENABLE_DEBUG_INFO = NO;
				SDKROOT = iphoneos;
				TARGETED_DEVICE_FAMILY = "1,2";
				VALIDATE_PRODUCT = YES;
			};
			name = Release;
		};
		C293CF7A1CB57D4300CE2FC2 /* Debug */ = {
			isa = XCBuildConfiguration;
			buildSettings = {
				ASSETCATALOG_COMPILER_APPICON_NAME = AppIcon;
				INFOPLIST_FILE = Calculator/Info.plist;
				LD_RUNPATH_SEARCH_PATHS = "$(inherited) @executable_path/Frameworks";
				PRODUCT_BUNDLE_IDENTIFIER = pfr.Calculator;
				PRODUCT_NAME = "$(TARGET_NAME)";
			};
			name = Debug;
		};
		C293CF7B1CB57D4300CE2FC2 /* Release */ = {
			isa = XCBuildConfiguration;
			buildSettings = {
				ASSETCATALOG_COMPILER_APPICON_NAME = AppIcon;
				INFOPLIST_FILE = Calculator/Info.plist;
				LD_RUNPATH_SEARCH_PATHS = "$(inherited) @executable_path/Frameworks";
				PRODUCT_BUNDLE_IDENTIFIER = pfr.Calculator;
				PRODUCT_NAME = "$(TARGET_NAME)";
			};
			name = Release;
		};
/* End XCBuildConfiguration section */

/* Begin XCConfigurationList section */
		C293CF621CB57D4300CE2FC2 /* Build configuration list for PBXProject "Calculator" */ = {
			isa = XCConfigurationList;
			buildConfigurations = (
				C293CF771CB57D4300CE2FC2 /* Debug */,
				C293CF781CB57D4300CE2FC2 /* Release */,
			);
			defaultConfigurationIsVisible = 0;
			defaultConfigurationName = Release;
		};
		C293CF791CB57D4300CE2FC2 /* Build configuration list for PBXNativeTarget "Calculator" */ = {
			isa = XCConfigurationList;
			buildConfigurations = (
				C293CF7A1CB57D4300CE2FC2 /* Debug */,
				C293CF7B1CB57D4300CE2FC2 /* Release */,
			);
			defaultConfigurationIsVisible = 0;
		};
/* End XCConfigurationList section */
	};
	rootObject = C293CF5F1CB57D4300CE2FC2 /* Project object */;
}
